
Microsoft Visual Studio Solution File, Format Version 12.00
# Visual Studio Version 16
VisualStudioVersion = 16.0.31729.503
MinimumVisualStudioVersion = 10.0.40219.1
Project("{FAE04EC0-301F-11D3-BF4B-00C04F79EFBC}") = "PraktikumWeek5", "PraktikumWeek5.csproj", "{B12AD4BE-7E1E-44EC-8DB4-66EA09416741}"
EndProject
Global
	GlobalSection(SolutionConfigurationPlatforms) = preSolution
		Debug|Any CPU = Debug|Any CPU
		Release|Any CPU = Release|Any CPU
	EndGlobalSection
	GlobalSection(ProjectConfigurationPlatforms) = postSolution
		{B12AD4BE-7E1E-44EC-8DB4-66EA09416741}.Debug|Any CPU.ActiveCfg = Debug|Any CPU
		{B12AD4BE-7E1E-44EC-8DB4-66EA09416741}.Debug|Any CPU.Build.0 = Debug|Any CPU
		{B12AD4BE-7E1E-44EC-8DB4-66EA09416741}.Release|Any CPU.ActiveCfg = Release|Any CPU
		{B12AD4BE-7E1E-44EC-8DB4-66EA09416741}.Release|Any CPU.Build.0 = Release|Any CPU
	EndGlobalSection
	GlobalSection(SolutionProperties) = preSolution
		HideSolutionNode = FALSE
	EndGlobalSection
	GlobalSection(ExtensibilityGlobals) = postSolution
		SolutionGuid = {0CA6C992-0DFB-4631-B601-DB2B8CD2D01C}
	EndGlobalSection
EndGlobal
